
Microsoft Visual Studio Solution File, Format Version 12.00
# Visual Studio Version 17
VisualStudioVersion = 17.14.36221.1
MinimumVisualStudioVersion = 10.0.40219.1
Project("{FAE04EC0-301F-11D3-BF4B-00C04F79EFBC}") = "WPF_SUSUERTE_V1", "WPF_SUSUERTE_V1.csproj", "{03596CFA-56BE-4C01-84A6-8DF8B85CE89E}"
EndProject
Project("{FAE04EC0-301F-11D3-BF4B-00C04F79EFBC}") = "DB", "DB\DB.csproj", "{87ADC82D-C7A4-4328-A929-265099DC0EAE}"
EndProject
Global
	GlobalSection(SolutionConfigurationPlatforms) = preSolution
		Debug|Any CPU = Debug|Any CPU
		Release|Any CPU = Release|Any CPU
	EndGlobalSection
	GlobalSection(ProjectConfigurationPlatforms) = postSolution
		{03596CFA-56BE-4C01-84A6-8DF8B85CE89E}.Debug|Any CPU.ActiveCfg = Debug|Any CPU
		{03596CFA-56BE-4C01-84A6-8DF8B85CE89E}.Debug|Any CPU.Build.0 = Debug|Any CPU
		{03596CFA-56BE-4C01-84A6-8DF8B85CE89E}.Release|Any CPU.ActiveCfg = Release|Any CPU
		{03596CFA-56BE-4C01-84A6-8DF8B85CE89E}.Release|Any CPU.Build.0 = Release|Any CPU
		{87ADC82D-C7A4-4328-A929-265099DC0EAE}.Debug|Any CPU.ActiveCfg = Debug|Any CPU
		{87ADC82D-C7A4-4328-A929-265099DC0EAE}.Debug|Any CPU.Build.0 = Debug|Any CPU
		{87ADC82D-C7A4-4328-A929-265099DC0EAE}.Release|Any CPU.ActiveCfg = Release|Any CPU
		{87ADC82D-C7A4-4328-A929-265099DC0EAE}.Release|Any CPU.Build.0 = Release|Any CPU
	EndGlobalSection
	GlobalSection(SolutionProperties) = preSolution
		HideSolutionNode = FALSE
	EndGlobalSection
	GlobalSection(ExtensibilityGlobals) = postSolution
		SolutionGuid = {AABEB0AD-2460-47AB-AE42-AFCD5CDADE5E}
	EndGlobalSection
EndGlobal
